hash: 12d04612c44be2c4007c7f2caf5cac14cd4b3b0e8d4b99a870c6643f40241d54
updated: 2018-01-20T14:29:03.033639Z
imports:
- name: github.com/armon/go-metrics
  version: 7aa49fde808223f8dadfdbfd3a20ff6c19e5f9ec
- name: github.com/cloudfoundry/gosigar
  version: dcb1afc219e4c99f21c37fb1ec22ed9ffe443317
  subpackages:
  - sys/windows
- name: github.com/GitbookIO/syncgroup
  version: fa1bffcc8e3e62a3c3c85c9682c2a40a1cfbe38b
  subpackages:
  - quickhash
- name: github.com/golang/protobuf
  version: 1e59b77b52bf8e4b449a57e6f79f21226d571845
  subpackages:
  - proto
  - ptypes/duration
  - ptypes/timestamp
- name: github.com/hashicorp/errwrap
  version: 7554cd9344cec97297fa6649b055a8c98c2a1e55
- name: github.com/hashicorp/go-immutable-radix
  version: 59b67882ec612f43b9d4c4fd97cebd507be4b3ee
- name: github.com/hashicorp/go-msgpack
  version: fa3f63826f7c23912c15263591e65d54d080b458
  subpackages:
  - codec
- name: github.com/hashicorp/go-multierror
  version: b7773ae218740a7be65057fc60b366a49b538a44
- name: github.com/hashicorp/go-sockaddr
  version: 9b4c5fa5b10a683339a270d664474b9f4aee62fc
- name: github.com/hashicorp/golang-lru
  version: 0a025b7e63adc15a622f29b0b2c4c3848243bbf6
  subpackages:
  - simplelru
- name: github.com/hashicorp/logutils
  version: 0dc08b1671f34c4250ce212759ebd880f743d883
- name: github.com/hashicorp/memberlist
  version: 3d8438da9589e7b608a83ffac1ef8211486bcb7c
- name: github.com/libopenstorage/gossip
  version: aa5bca5fb84334d7d29c26b5ccd7c819f344beac
  subpackages:
  - proto
  - proto/state
  - types
- name: github.com/libopenstorage/openstorage
  version: b7ca0ad82eb16abeb3289a6c6d72b9dcf9d31b5c
  subpackages:
  - api
  - cluster
  - config
  - pkg/proto/time
  - volume
  - volume/drivers/buse
  - volume/drivers/common
- name: github.com/libopenstorage/systemutils
  version: e1d137f6f38d9c5aa1ca3e12fe8f6fc8ecf88cf1
- name: github.com/miekg/dns
  version: 862243b3b1e77ca9f73771fc95a7148d11cebb55
- name: github.com/mohae/deepcopy
  version: c48cc78d482608239f6c4c92a4abd87eb8761c90
- name: github.com/pborman/uuid
  version: e533369306653d193b93dae055f6083cbf8ba54f
- name: github.com/pkg/errors
  version: e881fd58d78e04cf6d0de1217f8707c8cc2249bc
- name: github.com/portworx/kvdb
  version: fea1b7a9524095046d784f83eb858336ffe3f042
- name: github.com/sean-/seed
  version: e2103e2c35297fb7e17febb81e49b312087a2372
- name: github.com/Sirupsen/logrus
  version: d682213848ed68c0a260ca37d6dd5ace8423f5ba
  repo: git@github.com:/sirupsen/logrus
  vcs: git
- name: github.com/sirupsen/logrus
  version: d682213848ed68c0a260ca37d6dd5ace8423f5ba
- name: go.pedge.io/dlog
  version: 5d628f0fcf42b88b7b5e405837b20f66f6e69bf2
  subpackages:
  - logrus
- name: golang.org/x/crypto
  version: a6600008915114d9c087fad9f03d75087b1a74df
  subpackages:
  - ed25519
  - ed25519/internal/edwards25519
  - ssh/terminal
- name: golang.org/x/net
  version: 5ccada7d0a7ba9aeb5d3aca8d3501b4c2a509fec
  subpackages:
  - bpf
  - internal/iana
  - internal/socket
  - ipv4
  - ipv6
- name: golang.org/x/sys
  version: 2c42eef0765b9837fbdab12011af7830f55f88f0
  subpackages:
  - unix
  - windows
- name: gopkg.in/yaml.v2
  version: d670f9405373e636a5a2765eea47fac0c9bc91a4
testImports: []
